{
    "requires": true,
    "lockfileVersion": 1,
    "dependencies": {
        "sweetalert2": {
            "version": "10.0.1",
            "resolved": "https://registry.npmjs.org/sweetalert2/-/sweetalert2-10.0.1.tgz",
            "integrity": "sha512-U7haMP/twW4atNBCBnKSt7r+TdBA/WOdjLtFyyRNPecHjk/wqp12AiPwGoYpJmdMoT/g2DLwvUSyNcPRHQq7SQ=="
        }
    }
}
